
Microsoft Visual Studio Solution File, Format Version 12.00
# Visual Studio Version 16
VisualStudioVersion = 16.0.30011.22
MinimumVisualStudioVersion = 10.0.40219.1
Project("{FAE04EC0-301F-11D3-BF4B-00C04F79EFBC}") = "TwpfTool", "TwpfTool\TwpfTool.csproj", "{1850A6B4-23DA-4307-A08C-FF253B723794}"
EndProject
Global
	GlobalSection(SolutionConfigurationPlatforms) = preSolution
		Debug|Any CPU = Debug|Any CPU
		Release|Any CPU = Release|Any CPU
	EndGlobalSection
	GlobalSection(ProjectConfigurationPlatforms) = postSolution
		{1850A6B4-23DA-4307-A08C-FF253B723794}.Debug|Any CPU.ActiveCfg = Debug|Any CPU
		{1850A6B4-23DA-4307-A08C-FF253B723794}.Debug|Any CPU.Build.0 = Debug|Any CPU
		{1850A6B4-23DA-4307-A08C-FF253B723794}.Release|Any CPU.ActiveCfg = Release|Any CPU
		{1850A6B4-23DA-4307-A08C-FF253B723794}.Release|Any CPU.Build.0 = Release|Any CPU
	EndGlobalSection
	GlobalSection(SolutionProperties) = preSolution
		HideSolutionNode = FALSE
	EndGlobalSection
	GlobalSection(ExtensibilityGlobals) = postSolution
		SolutionGuid = {74E3CA62-D8E6-4D6D-B6C1-BCD3CF60FF49}
	EndGlobalSection
EndGlobal
